<?xml version="1.0" encoding="utf-8"?>
<Project ToolsVersion="4.0" xmlns="http://schemas.microsoft.com/developer/msbuild/2003">
  <ItemGroup>
    <ClCompile Include="main.cpp" />
    <ClCompile Include="Game\Scenes\TitleScene.cpp">
      <Filter>Scenes</Filter>
    </ClCompile>
    <ClCompile Include="Game\Scenes\GameScene.cpp">
      <Filter>Scenes</Filter>
    </ClCompile>
    <ClCompile Include="Game\Editor\EditorUI.cpp">
      <Filter>Editor</Filter>
    </ClCompile>
    <ClCompile Include="Game\ScriptEngine.cpp" />
    <ClCompile Include="Game\PlayerScript.cpp" />
    <ClCompile Include="Game\EnemyAIScript.cpp" />
    <ClCompile Include="Game\BulletScript.cpp" />
    <ClCompile Include="TowerScript.cpp" />
    <ClCompile Include="BaseScript.cpp" />
  </ItemGroup>
  <ItemGroup>
    <ClInclude Include="Game\Scenes\TitleScene.h">
      <Filter>Scenes</Filter>
    </ClInclude>
    <ClInclude Include="Game\Scenes\GameScene.h">
      <Filter>Scenes</Filter>
    </ClInclude>
    <ClInclude Include="Game\Editor\EditorUI.h">
      <Filter>Editor</Filter>
    </ClInclude>
    <ClInclude Include="Game\ObjectTypes.h">
      <Filter>Game</Filter>
    </ClInclude>
    <ClInclude Include="Game\ScriptEngine.h" />
    <ClInclude Include="Game\IScript.h" />
    <ClInclude Include="Game\PlayerScript.h" />
    <ClInclude Include="Game\EnemyAIScript.h" />
    <ClInclude Include="Game\BulletScript.h" />
    <ClInclude Include="Game\Systems\ISystem.h" />
    <ClInclude Include="Game\Systems\PlayerInputSystem.h" />
    <ClInclude Include="Game\Systems\CharacterMovementSystem.h" />
    <ClInclude Include="Game\Systems\CameraFollowSystem.h" />
    <ClInclude Include="Game\Systems\PhysicsSystem.h" />
    <ClInclude Include="Game\Systems\CombatSystem.h" />
    <ClInclude Include="Game\Systems\HealthSystem.h" />
    <ClInclude Include="Game\Systems\AudioSystem.h" />
    <ClInclude Include="Game\Systems\ScriptSystem.h" />
    <ClInclude Include="Game\Systems\CleanupSystem.h" />
    <ClInclude Include="TowerScript.h" />
    <ClInclude Include="BaseScript.h" />
  </ItemGroup>
  <ItemGroup>
    <Filter Include="Scenes">
      <UniqueIdentifier>{7ac21cff-d91d-48e7-a50c-697bdfea681d}</UniqueIdentifier>
    </Filter>
    <Filter Include="Editor">
      <UniqueIdentifier>{d55df288-ae2c-4ba6-a365-b2bd0b0bf70a}</UniqueIdentifier>
    </Filter>
    <Filter Include="Game">
      <UniqueIdentifier>{ee71b5c8-f3af-4fc9-a7fd-53443e145be0}</UniqueIdentifier>
    </Filter>
  </ItemGroup>
</Project>